
Microsoft Visual Studio Solution File, Format Version 12.00
# Visual Studio 15
VisualStudioVersion = 15.0.28307.1259
MinimumVisualStudioVersion = 10.0.40219.1
Project("{8BC9CEB8-8B4A-11D0-8D11-00A0C91BC942}") = "ConsoleApplication5", "ConsoleApplication5\ConsoleApplication5.vcxproj", "{6B69D666-8B13-40DE-9DB6-48E4C560E289}"
EndProject
Global
	GlobalSection(SolutionConfigurationPlatforms) = preSolution
		Debug|x64 = Debug|x64
		Debug|x86 = Debug|x86
		Release|x64 = Release|x64
		Release|x86 = Release|x86
	EndGlobalSection
	GlobalSection(ProjectConfigurationPlatforms) = postSolution
		{6B69D666-8B13-40DE-9DB6-48E4C560E289}.Debug|x64.ActiveCfg = Debug|x64
		{6B69D666-8B13-40DE-9DB6-48E4C560E289}.Debug|x64.Build.0 = Debug|x64
		{6B69D666-8B13-40DE-9DB6-48E4C560E289}.Debug|x86.ActiveCfg = Debug|Win32
		{6B69D666-8B13-40DE-9DB6-48E4C560E289}.Debug|x86.Build.0 = Debug|Win32
		{6B69D666-8B13-40DE-9DB6-48E4C560E289}.Release|x64.ActiveCfg = Release|x64
		{6B69D666-8B13-40DE-9DB6-48E4C560E289}.Release|x64.Build.0 = Release|x64
		{6B69D666-8B13-40DE-9DB6-48E4C560E289}.Release|x86.ActiveCfg = Release|Win32
		{6B69D666-8B13-40DE-9DB6-48E4C560E289}.Release|x86.Build.0 = Release|Win32
	EndGlobalSection
	GlobalSection(SolutionProperties) = preSolution
		HideSolutionNode = FALSE
	EndGlobalSection
	GlobalSection(ExtensibilityGlobals) = postSolution
		SolutionGuid = {0101BAFF-B566-4793-AB22-C9B8B0145AF3}
	EndGlobalSection
EndGlobal
